// !$*UTF8*$!
{
	archiveVersion = 1;
	classes = {
	};
	objectVersion = 52;
	objects = {

/* Begin PBXBuildFile section */
		3D39B5D8237108E30032ADC5 /* Proposal.swift in Sources */ = {isa = PBXBuildFile; fileRef = 3D39B5D4237108E30032ADC5 /* Proposal.swift */; };
		3D39B5D9237108E30032ADC5 /* OptionTableCell.swift in Sources */ = {isa = PBXBuildFile; fileRef = 3D39B5D5237108E30032ADC5 /* OptionTableCell.swift */; };
		3D39B5DB237108E30032ADC5 /* VotingOption.swift in Sources */ = {isa = PBXBuildFile; fileRef = 3D39B5D7237108E30032ADC5 /* VotingOption.swift */; };
		3D39B5DD2371227A0032ADC5 /* CastVoteViewController.swift in Sources */ = {isa = PBXBuildFile; fileRef = 3D39B5DC2371227A0032ADC5 /* CastVoteViewController.swift */; };
		3D39B5DF237122950032ADC5 /* VoteReadyController.swift in Sources */ = {isa = PBXBuildFile; fileRef = 3D39B5DE237122950032ADC5 /* VoteReadyController.swift */; };
		3D8D84B823761FF300C84EF6 /* SignInSignUp.swift in Sources */ = {isa = PBXBuildFile; fileRef = 3D8D84B723761FF300C84EF6 /* SignInSignUp.swift */; };
		E7BCB960238B2B0F00FFAEE2 /* ResultsViewController.swift in Sources */ = {isa = PBXBuildFile; fileRef = E7BCB95F238B2B0F00FFAEE2 /* ResultsViewController.swift */; };
		E7BCB962238B2BCF00FFAEE2 /* ResultViewCell.swift in Sources */ = {isa = PBXBuildFile; fileRef = E7BCB961238B2BCF00FFAEE2 /* ResultViewCell.swift */; };
		E7BCB964238B317100FFAEE2 /* SearchViewController.swift in Sources */ = {isa = PBXBuildFile; fileRef = E7BCB963238B317100FFAEE2 /* SearchViewController.swift */; };
		E7BCB966238B3A5900FFAEE2 /* MainViewController.swift in Sources */ = {isa = PBXBuildFile; fileRef = E7BCB965238B3A5900FFAEE2 /* MainViewController.swift */; };
		E7BCB968238C9E2E00FFAEE2 /* ElectManageViewController.swift in Sources */ = {isa = PBXBuildFile; fileRef = E7BCB967238C9E2E00FFAEE2 /* ElectManageViewController.swift */; };
		E7BCB96A238CA1E200FFAEE2 /* DeleteElectViewController.swift in Sources */ = {isa = PBXBuildFile; fileRef = E7BCB969238CA1E200FFAEE2 /* DeleteElectViewController.swift */; };
		E7BCB96C238CD3FE00FFAEE2 /* PreviewElectionViewController.swift in Sources */ = {isa = PBXBuildFile; fileRef = E7BCB96B238CD3FE00FFAEE2 /* PreviewElectionViewController.swift */; };
		E7E088F2236FC9A4001AEA3B /* AppDelegate.swift in Sources */ = {isa = PBXBuildFile; fileRef = E7E088F1236FC9A4001AEA3B /* AppDelegate.swift */; };
		E7E088F4236FC9A4001AEA3B /* SceneDelegate.swift in Sources */ = {isa = PBXBuildFile; fileRef = E7E088F3236FC9A4001AEA3B /* SceneDelegate.swift */; };
		E7E088F6236FC9A4001AEA3B /* ViewController.swift in Sources */ = {isa = PBXBuildFile; fileRef = E7E088F5236FC9A4001AEA3B /* ViewController.swift */; };
		E7E088F9236FC9A4001AEA3B /* Main.storyboard in Resources */ = {isa = PBXBuildFile; fileRef = E7E088F7236FC9A4001AEA3B /* Main.storyboard */; };
		E7E088FB236FC9A6001AEA3B /* Assets.xcassets in Resources */ = {isa = PBXBuildFile; fileRef = E7E088FA236FC9A6001AEA3B /* Assets.xcassets */; };
		E7E088FE236FC9A6001AEA3B /* LaunchScreen.storyboard in Resources */ = {isa = PBXBuildFile; fileRef = E7E088FC236FC9A6001AEA3B /* LaunchScreen.storyboard */; };
		E7E08906236FCAE4001AEA3B /* election.swift in Sources */ = {isa = PBXBuildFile; fileRef = E7E08905236FCAE4001AEA3B /* election.swift */; };
		E7E08908236FCF62001AEA3B /* BallotCreateViewController.swift in Sources */ = {isa = PBXBuildFile; fileRef = E7E08907236FCF62001AEA3B /* BallotCreateViewController.swift */; };
/* End PBXBuildFile section */

/* Begin PBXFileReference section */
		3D39B5D4237108E30032ADC5 /* Proposal.swift */ = {isa = PBXFileReference; fileEncoding = 4; lastKnownFileType = sourcecode.swift; path = Proposal.swift; sourceTree = "<group>"; };
		3D39B5D5237108E30032ADC5 /* OptionTableCell.swift */ = {isa = PBXFileReference; fileEncoding = 4; lastKnownFileType = sourcecode.swift; path = OptionTableCell.swift; sourceTree = "<group>"; };
		3D39B5D7237108E30032ADC5 /* VotingOption.swift */ = {isa = PBXFileReference; fileEncoding = 4; lastKnownFileType = sourcecode.swift; path = VotingOption.swift; sourceTree = "<group>"; };
		3D39B5DC2371227A0032ADC5 /* CastVoteViewController.swift */ = {isa = PBXFileReference; lastKnownFileType = sourcecode.swift; path = CastVoteViewController.swift; sourceTree = "<group>"; };
		3D39B5DE237122950032ADC5 /* VoteReadyController.swift */ = {isa = PBXFileReference; lastKnownFileType = sourcecode.swift; path = VoteReadyController.swift; sourceTree = "<group>"; };
		3D8D84B723761FF300C84EF6 /* SignInSignUp.swift */ = {isa = PBXFileReference; lastKnownFileType = sourcecode.swift; path = SignInSignUp.swift; sourceTree = "<group>"; };
		E7BCB95F238B2B0F00FFAEE2 /* ResultsViewController.swift */ = {isa = PBXFileReference; lastKnownFileType = sourcecode.swift; path = ResultsViewController.swift; sourceTree = "<group>"; };
		E7BCB961238B2BCF00FFAEE2 /* ResultViewCell.swift */ = {isa = PBXFileReference; lastKnownFileType = sourcecode.swift; path = ResultViewCell.swift; sourceTree = "<group>"; };
		E7BCB963238B317100FFAEE2 /* SearchViewController.swift */ = {isa = PBXFileReference; lastKnownFileType = sourcecode.swift; path = SearchViewController.swift; sourceTree = "<group>"; };
		E7BCB965238B3A5900FFAEE2 /* MainViewController.swift */ = {isa = PBXFileReference; lastKnownFileType = sourcecode.swift; path = MainViewController.swift; sourceTree = "<group>"; };
		E7BCB967238C9E2E00FFAEE2 /* ElectManageViewController.swift */ = {isa = PBXFileReference; lastKnownFileType = sourcecode.swift; path = ElectManageViewController.swift; sourceTree = "<group>"; };
		E7BCB969238CA1E200FFAEE2 /* DeleteElectViewController.swift */ = {isa = PBXFileReference; lastKnownFileType = sourcecode.swift; path = DeleteElectViewController.swift; sourceTree = "<group>"; };
		E7BCB96B238CD3FE00FFAEE2 /* PreviewElectionViewController.swift */ = {isa = PBXFileReference; lastKnownFileType = sourcecode.swift; path = PreviewElectionViewController.swift; sourceTree = "<group>"; };
		E7E088EE236FC9A4001AEA3B /* CreateElection.app */ = {isa = PBXFileReference; explicitFileType = wrapper.application; includeInIndex = 0; path = CreateElection.app; sourceTree = BUILT_PRODUCTS_DIR; };
		E7E088F1236FC9A4001AEA3B /* AppDelegate.swift */ = {isa = PBXFileReference; lastKnownFileType = sourcecode.swift; path = AppDelegate.swift; sourceTree = "<group>"; };
		E7E088F3236FC9A4001AEA3B /* SceneDelegate.swift */ = {isa = PBXFileReference; lastKnownFileType = sourcecode.swift; path = SceneDelegate.swift; sourceTree = "<group>"; };
		E7E088F5236FC9A4001AEA3B /* ViewController.swift */ = {isa = PBXFileReference; lastKnownFileType = sourcecode.swift; path = ViewController.swift; sourceTree = "<group>"; };
		E7E088F8236FC9A4001AEA3B /* Base */ = {isa = PBXFileReference; lastKnownFileType = file.storyboard; name = Base; path = Base.lproj/Main.storyboard; sourceTree = "<group>"; };
		E7E088FA236FC9A6001AEA3B /* Assets.xcassets */ = {isa = PBXFileReference; lastKnownFileType = folder.assetcatalog; path = Assets.xcassets; sourceTree = "<group>"; };
		E7E088FD236FC9A6001AEA3B /* Base */ = {isa = PBXFileReference; lastKnownFileType = file.storyboard; name = Base; path = Base.lproj/LaunchScreen.storyboard; sourceTree = "<group>"; };
		E7E088FF236FC9A6001AEA3B /* Info.plist */ = {isa = PBXFileReference; lastKnownFileType = text.plist.xml; path = Info.plist; sourceTree = "<group>"; };
		E7E08905236FCAE4001AEA3B /* election.swift */ = {isa = PBXFileReference; lastKnownFileType = sourcecode.swift; path = election.swift; sourceTree = "<group>"; };
		E7E08907236FCF62001AEA3B /* BallotCreateViewController.swift */ = {isa = PBXFileReference; lastKnownFileType = sourcecode.swift; path = BallotCreateViewController.swift; sourceTree = "<group>"; };
/* End PBXFileReference section */

/* Begin PBXFrameworksBuildPhase section */
		E7E088EB236FC9A4001AEA3B /* Frameworks */ = {
			isa = PBXFrameworksBuildPhase;
			buildActionMask = 2147483647;
			files = (
			);
			runOnlyForDeploymentPostprocessing = 0;
		};
/* End PBXFrameworksBuildPhase section */

/* Begin PBXGroup section */
		E7E088E5236FC9A4001AEA3B = {
			isa = PBXGroup;
			children = (
				E7E088F0236FC9A4001AEA3B /* CreateElection */,
				E7E088EF236FC9A4001AEA3B /* Products */,
			);
			sourceTree = "<group>";
		};
		E7E088EF236FC9A4001AEA3B /* Products */ = {
			isa = PBXGroup;
			children = (
				E7E088EE236FC9A4001AEA3B /* CreateElection.app */,
			);
			name = Products;
			sourceTree = "<group>";
		};
		E7E088F0236FC9A4001AEA3B /* CreateElection */ = {
			isa = PBXGroup;
			children = (
				3D39B5D5237108E30032ADC5 /* OptionTableCell.swift */,
				E7BCB961238B2BCF00FFAEE2 /* ResultViewCell.swift */,
				E7BCB967238C9E2E00FFAEE2 /* ElectManageViewController.swift */,
				E7BCB969238CA1E200FFAEE2 /* DeleteElectViewController.swift */,
				3D39B5D4237108E30032ADC5 /* Proposal.swift */,
				E7BCB96B238CD3FE00FFAEE2 /* PreviewElectionViewController.swift */,
				3D39B5D7237108E30032ADC5 /* VotingOption.swift */,
				E7E088F1236FC9A4001AEA3B /* AppDelegate.swift */,
				E7E088F3236FC9A4001AEA3B /* SceneDelegate.swift */,
				E7BCB965238B3A5900FFAEE2 /* MainViewController.swift */,
				E7BCB963238B317100FFAEE2 /* SearchViewController.swift */,
				E7E08907236FCF62001AEA3B /* BallotCreateViewController.swift */,
				E7E088F5236FC9A4001AEA3B /* ViewController.swift */,
				E7E088F7236FC9A4001AEA3B /* Main.storyboard */,
				E7BCB95F238B2B0F00FFAEE2 /* ResultsViewController.swift */,
				E7E08905236FCAE4001AEA3B /* election.swift */,
				E7E088FA236FC9A6001AEA3B /* Assets.xcassets */,
				E7E088FC236FC9A6001AEA3B /* LaunchScreen.storyboard */,
				E7E088FF236FC9A6001AEA3B /* Info.plist */,
				3D39B5DC2371227A0032ADC5 /* CastVoteViewController.swift */,
				3D39B5DE237122950032ADC5 /* VoteReadyController.swift */,
				3D8D84B723761FF300C84EF6 /* SignInSignUp.swift */,
			);
			path = CreateElection;
			sourceTree = "<group>";
		};
/* End PBXGroup section */

/* Begin PBXNativeTarget section */
		E7E088ED236FC9A4001AEA3B /* CreateElection */ = {
			isa = PBXNativeTarget;
			buildConfigurationList = E7E08902236FC9A6001AEA3B /* Build configuration list for PBXNativeTarget "CreateElection" */;
			buildPhases = (
				E7E088EA236FC9A4001AEA3B /* Sources */,
				E7E088EB236FC9A4001AEA3B /* Frameworks */,
				E7E088EC236FC9A4001AEA3B /* Resources */,
			);
			buildRules = (
			);
			dependencies = (
			);
			name = CreateElection;
			productName = CreateElection;
			productReference = E7E088EE236FC9A4001AEA3B /* CreateElection.app */;
			productType = "com.apple.product-type.application";
		};
/* End PBXNativeTarget section */

/* Begin PBXProject section */
		E7E088E6236FC9A4001AEA3B /* Project object */ = {
			isa = PBXProject;
			attributes = {
				LastSwiftUpdateCheck = 1120;
				LastUpgradeCheck = 1120;
				ORGANIZATIONNAME = "Madelyn Rycenga";
				TargetAttributes = {
					E7E088ED236FC9A4001AEA3B = {
						CreatedOnToolsVersion = 11.2;
					};
				};
			};
			buildConfigurationList = E7E088E9236FC9A4001AEA3B /* Build configuration list for PBXProject "CreateElection" */;
			compatibilityVersion = "Xcode 11.0";
			developmentRegion = en;
			hasScannedForEncodings = 0;
			knownRegions = (
				en,
				Base,
			);
			mainGroup = E7E088E5236FC9A4001AEA3B;
			productRefGroup = E7E088EF236FC9A4001AEA3B /* Products */;
			projectDirPath = "";
			projectRoot = "";
			targets = (
				E7E088ED236FC9A4001AEA3B /* CreateElection */,
			);
		};
/* End PBXProject section */

/* Begin PBXResourcesBuildPhase section */
		E7E088EC236FC9A4001AEA3B /* Resources */ = {
			isa = PBXResourcesBuildPhase;
			buildActionMask = 2147483647;
			files = (
				E7E088FE236FC9A6001AEA3B /* LaunchScreen.storyboard in Resources */,
				E7E088FB236FC9A6001AEA3B /* Assets.xcassets in Resources */,
				E7E088F9236FC9A4001AEA3B /* Main.storyboard in Resources */,
			);
			runOnlyForDeploymentPostprocessing = 0;
		};
/* End PBXResourcesBuildPhase section */

/* Begin PBXSourcesBuildPhase section */
		E7E088EA236FC9A4001AEA3B /* Sources */ = {
			isa = PBXSourcesBuildPhase;
			buildActionMask = 2147483647;
			files = (
				3D8D84B823761FF300C84EF6 /* SignInSignUp.swift in Sources */,
				E7E08906236FCAE4001AEA3B /* election.swift in Sources */,
				E7E088F6236FC9A4001AEA3B /* ViewController.swift in Sources */,
				3D39B5DB237108E30032ADC5 /* VotingOption.swift in Sources */,
				E7BCB96C238CD3FE00FFAEE2 /* PreviewElectionViewController.swift in Sources */,
				E7E088F2236FC9A4001AEA3B /* AppDelegate.swift in Sources */,
				E7BCB96A238CA1E200FFAEE2 /* DeleteElectViewController.swift in Sources */,
				3D39B5D9237108E30032ADC5 /* OptionTableCell.swift in Sources */,
				3D39B5DF237122950032ADC5 /* VoteReadyController.swift in Sources */,
				E7E088F4236FC9A4001AEA3B /* SceneDelegate.swift in Sources */,
				E7BCB964238B317100FFAEE2 /* SearchViewController.swift in Sources */,
				E7BCB966238B3A5900FFAEE2 /* MainViewController.swift in Sources */,
				E7E08908236FCF62001AEA3B /* BallotCreateViewController.swift in Sources */,
				E7BCB962238B2BCF00FFAEE2 /* ResultViewCell.swift in Sources */,
				3D39B5D8237108E30032ADC5 /* Proposal.swift in Sources */,
				3D39B5DD2371227A0032ADC5 /* CastVoteViewController.swift in Sources */,
				E7BCB960238B2B0F00FFAEE2 /* ResultsViewController.swift in Sources */,
				E7BCB968238C9E2E00FFAEE2 /* ElectManageViewController.swift in Sources */,
			);
			runOnlyForDeploymentPostprocessing = 0;
		};
/* End PBXSourcesBuildPhase section */

/* Begin PBXVariantGroup section */
		E7E088F7236FC9A4001AEA3B /* Main.storyboard */ = {
			isa = PBXVariantGroup;
			children = (
				E7E088F8236FC9A4001AEA3B /* Base */,
			);
			name = Main.storyboard;
			sourceTree = "<group>";
		};
		E7E088FC236FC9A6001AEA3B /* LaunchScreen.storyboard */ = {
			isa = PBXVariantGroup;
			children = (
				E7E088FD236FC9A6001AEA3B /* Base */,
			);
			name = LaunchScreen.storyboard;
			sourceTree = "<group>";
		};
/* End PBXVariantGroup section */

/* Begin XCBuildConfiguration section */
		E7E08900236FC9A6001AEA3B /* Debug */ = {
			isa = XCBuildConfiguration;
			buildSettings = {
				ALWAYS_SEARCH_USER_PATHS = NO;
				CLANG_ANALYZER_NONNULL = YES;
				CLANG_ANALYZER_NUMBER_OBJECT_CONVERSION = YES_AGGRESSIVE;
				CLANG_CXX_LANGUAGE_STANDARD = "gnu++14";
				CLANG_CXX_LIBRARY = "libc++";
				CLANG_ENABLE_MODULES = YES;
				CLANG_ENABLE_OBJC_ARC = YES;
				CLANG_ENABLE_OBJC_WEAK = YES;
				CLANG_WARN_BLOCK_CAPTURE_AUTORELEASING = YES;
				CLANG_WARN_BOOL_CONVERSION = YES;
				CLANG_WARN_COMMA = YES;
				CLANG_WARN_CONSTANT_CONVERSION = YES;
				CLANG_WARN_DEPRECATED_OBJC_IMPLEMENTATIONS = YES;
				CLANG_WARN_DIRECT_OBJC_ISA_USAGE = YES_ERROR;
				CLANG_WARN_DOCUMENTATION_COMMENTS = YES;
				CLANG_WARN_EMPTY_BODY = YES;
				CLANG_WARN_ENUM_CONVERSION = YES;
				CLANG_WARN_INFINITE_RECURSION = YES;
				CLANG_WARN_INT_CONVERSION = YES;
				CLANG_WARN_NON_LITERAL_NULL_CONVERSION = YES;
				CLANG_WARN_OBJC_IMPLICIT_RETAIN_SELF = YES;
				CLANG_WARN_OBJC_LITERAL_CONVERSION = YES;
				CLANG_WARN_OBJC_ROOT_CLASS = YES_ERROR;
				CLANG_WARN_RANGE_LOOP_ANALYSIS = YES;
				CLANG_WARN_STRICT_PROTOTYPES = YES;
				CLANG_WARN_SUSPICIOUS_MOVE = YES;
				CLANG_WARN_UNGUARDED_AVAILABILITY = YES_AGGRESSIVE;
				CLANG_WARN_UNREACHABLE_CODE = YES;
				CLANG_WARN__DUPLICATE_METHOD_MATCH = YES;
				COPY_PHASE_STRIP = NO;
				DEBUG_INFORMATION_FORMAT = dwarf;
				ENABLE_STRICT_OBJC_MSGSEND = YES;
				ENABLE_TESTABILITY = YES;
				GCC_C_LANGUAGE_STANDARD = gnu11;
				GCC_DYNAMIC_NO_PIC = NO;
				GCC_NO_COMMON_BLOCKS = YES;
				GCC_OPTIMIZATION_LEVEL = 0;
				GCC_PREPROCESSOR_DEFINITIONS = (
					"DEBUG=1",
					"$(inherited)",
				);
				GCC_WARN_64_TO_32_BIT_CONVERSION = YES;
				GCC_WARN_ABOUT_RETURN_TYPE = YES_ERROR;
				GCC_WARN_UNDECLARED_SELECTOR = YES;
				GCC_WARN_UNINITIALIZED_AUTOS = YES_AGGRESSIVE;
				GCC_WARN_UNUSED_FUNCTION = YES;
				GCC_WARN_UNUSED_VARIABLE = YES;
				IPHONEOS_DEPLOYMENT_TARGET = 13.2;
				MTL_ENABLE_DEBUG_INFO = INCLUDE_SOURCE;
				MTL_FAST_MATH = YES;
				ONLY_ACTIVE_ARCH = YES;
				SDKROOT = iphoneos;
				SWIFT_ACTIVE_COMPILATION_CONDITIONS = DEBUG;
				SWIFT_OPTIMIZATION_LEVEL = "-Onone";
			};
			name = Debug;
		};
		E7E08901236FC9A6001AEA3B /* Release */ = {
			isa = XCBuildConfiguration;
			buildSettings = {
				ALWAYS_SEARCH_USER_PATHS = NO;
				CLANG_ANALYZER_NONNULL = YES;
				CLANG_ANALYZER_NUMBER_OBJECT_CONVERSION = YES_AGGRESSIVE;
				CLANG_CXX_LANGUAGE_STANDARD = "gnu++14";
				CLANG_CXX_LIBRARY = "libc++";
				CLANG_ENABLE_MODULES = YES;
				CLANG_ENABLE_OBJC_ARC = YES;
				CLANG_ENABLE_OBJC_WEAK = YES;
				CLANG_WARN_BLOCK_CAPTURE_AUTORELEASING = YES;
				CLANG_WARN_BOOL_CONVERSION = YES;
				CLANG_WARN_COMMA = YES;
				CLANG_WARN_CONSTANT_CONVERSION = YES;
				CLANG_WARN_DEPRECATED_OBJC_IMPLEMENTATIONS = YES;
				CLANG_WARN_DIRECT_OBJC_ISA_USAGE = YES_ERROR;
				CLANG_WARN_DOCUMENTATION_COMMENTS = YES;
				CLANG_WARN_EMPTY_BODY = YES;
				CLANG_WARN_ENUM_CONVERSION = YES;
				CLANG_WARN_INFINITE_RECURSION = YES;
				CLANG_WARN_INT_CONVERSION = YES;
				CLANG_WARN_NON_LITERAL_NULL_CONVERSION = YES;
				CLANG_WARN_OBJC_IMPLICIT_RETAIN_SELF = YES;
				CLANG_WARN_OBJC_LITERAL_CONVERSION = YES;
				CLANG_WARN_OBJC_ROOT_CLASS = YES_ERROR;
				CLANG_WARN_RANGE_LOOP_ANALYSIS = YES;
				CLANG_WARN_STRICT_PROTOTYPES = YES;
				CLANG_WARN_SUSPICIOUS_MOVE = YES;
				CLANG_WARN_UNGUARDED_AVAILABILITY = YES_AGGRESSIVE;
				CLANG_WARN_UNREACHABLE_CODE = YES;
				CLANG_WARN__DUPLICATE_METHOD_MATCH = YES;
				COPY_PHASE_STRIP = NO;
				DEBUG_INFORMATION_FORMAT = "dwarf-with-dsym";
				ENABLE_NS_ASSERTIONS = NO;
				ENABLE_STRICT_OBJC_MSGSEND = YES;
				GCC_C_LANGUAGE_STANDARD = gnu11;
				GCC_NO_COMMON_BLOCKS = YES;
				GCC_WARN_64_TO_32_BIT_CONVERSION = YES;
				GCC_WARN_ABOUT_RETURN_TYPE = YES_ERROR;
				GCC_WARN_UNDECLARED_SELECTOR = YES;
				GCC_WARN_UNINITIALIZED_AUTOS = YES_AGGRESSIVE;
				GCC_WARN_UNUSED_FUNCTION = YES;
				GCC_WARN_UNUSED_VARIABLE = YES;
				IPHONEOS_DEPLOYMENT_TARGET = 13.2;
				MTL_ENABLE_DEBUG_INFO = NO;
				MTL_FAST_MATH = YES;
				SDKROOT = iphoneos;
				SWIFT_COMPILATION_MODE = wholemodule;
				SWIFT_OPTIMIZATION_LEVEL = "-O";
				VALIDATE_PRODUCT = YES;
			};
			name = Release;
		};
		E7E08903236FC9A6001AEA3B /* Debug */ = {
			isa = XCBuildConfiguration;
			buildSettings = {
				ASSETCATALOG_COMPILER_APPICON_NAME = AppIcon;
				CODE_SIGN_IDENTITY = "Apple Development";
				CODE_SIGN_STYLE = Automatic;
				DEVELOPMENT_TEAM = F72DTUYUU5;
				INFOPLIST_FILE = CreateElection/Info.plist;
				LD_RUNPATH_SEARCH_PATHS = (
					"$(inherited)",
					"@executable_path/Frameworks",
				);
				PRODUCT_BUNDLE_IDENTIFIER = eLectUI.CreateElection;
				PRODUCT_NAME = "$(TARGET_NAME)";
				PROVISIONING_PROFILE_SPECIFIER = "";
				SWIFT_VERSION = 5.0;
				TARGETED_DEVICE_FAMILY = 1;
			};
			name = Debug;
		};
		E7E08904236FC9A6001AEA3B /* Release */ = {
			isa = XCBuildConfiguration;
			buildSettings = {
				ASSETCATALOG_COMPILER_APPICON_NAME = AppIcon;
				CODE_SIGN_IDENTITY = "Apple Development";
				CODE_SIGN_STYLE = Automatic;
				DEVELOPMENT_TEAM = F72DTUYUU5;
				INFOPLIST_FILE = CreateElection/Info.plist;
				LD_RUNPATH_SEARCH_PATHS = (
					"$(inherited)",
					"@executable_path/Frameworks",
				);
				PRODUCT_BUNDLE_IDENTIFIER = eLectUI.CreateElection;
				PRODUCT_NAME = "$(TARGET_NAME)";
				PROVISIONING_PROFILE_SPECIFIER = "";
				SWIFT_VERSION = 5.0;
				TARGETED_DEVICE_FAMILY = 1;
			};
			name = Release;
		};
/* End XCBuildConfiguration section */

/* Begin XCConfigurationList section */
		E7E088E9236FC9A4001AEA3B /* Build configuration list for PBXProject "CreateElection" */ = {
			isa = XCConfigurationList;
			buildConfigurations = (
				E7E08900236FC9A6001AEA3B /* Debug */,
				E7E08901236FC9A6001AEA3B /* Release */,
			);
			defaultConfigurationIsVisible = 0;
			defaultConfigurationName = Release;
		};
		E7E08902236FC9A6001AEA3B /* Build configuration list for PBXNativeTarget "CreateElection" */ = {
			isa = XCConfigurationList;
			buildConfigurations = (
				E7E08903236FC9A6001AEA3B /* Debug */,
				E7E08904236FC9A6001AEA3B /* Release */,
			);
			defaultConfigurationIsVisible = 0;
			defaultConfigurationName = Release;
		};
/* End XCConfigurationList section */
	};
	rootObject = E7E088E6236FC9A4001AEA3B /* Project object */;
}
